// !$*UTF8*$!
{
	archiveVersion = 1;
	classes = {
	};
	objectVersion = 56;
	objects = {

/* Begin PBXBuildFile section */
		E86A473F2D0CA0A400546CC2 /* EmailAuthView.swift in Sources */ = {isa = PBXBuildFile; fileRef = E86A473E2D0CA0A400546CC2 /* EmailAuthView.swift */; };
		E86A47412D0CA63700546CC2 /* AppRootManager.swift in Sources */ = {isa = PBXBuildFile; fileRef = E86A47402D0CA62F00546CC2 /* AppRootManager.swift */; };
		E86A475B2D1F13CB00546CC2 /* PhoneAuthView.swift in Sources */ = {isa = PBXBuildFile; fileRef = E86A475A2D1F13CB00546CC2 /* PhoneAuthView.swift */; };
		E86A475D2D1F162F00546CC2 /* CountryNumbers.json in Resources */ = {isa = PBXBuildFile; fileRef = E86A475C2D1F162F00546CC2 /* CountryNumbers.json */; };
		E8F93B2C2C21EBED006AA3F6 /* exampleApp.swift in Sources */ = {isa = PBXBuildFile; fileRef = E8F93B2B2C21EBED006AA3F6 /* exampleApp.swift */; };
		E8F93B302C21EBEE006AA3F6 /* Assets.xcassets in Resources */ = {isa = PBXBuildFile; fileRef = E8F93B2F2C21EBEE006AA3F6 /* Assets.xcassets */; };
		E8F93B332C21EBEE006AA3F6 /* Preview Assets.xcassets in Resources */ = {isa = PBXBuildFile; fileRef = E8F93B322C21EBEE006AA3F6 /* Preview Assets.xcassets */; };
		E8F93B3C2C21EC8C006AA3F6 /* CapsuleSwift in Frameworks */ = {isa = PBXBuildFile; productRef = E8F93B3B2C21EC8C006AA3F6 /* CapsuleSwift */; };
		E8F93B3E2C21ECFB006AA3F6 /* UserAuthView.swift in Sources */ = {isa = PBXBuildFile; fileRef = E8F93B3D2C21ECFB006AA3F6 /* UserAuthView.swift */; };
		E8F93B402C21ED00006AA3F6 /* VerifyEmailView.swift in Sources */ = {isa = PBXBuildFile; fileRef = E8F93B3F2C21ED00006AA3F6 /* VerifyEmailView.swift */; };
		E8F93B422C21ED05006AA3F6 /* WalletView.swift in Sources */ = {isa = PBXBuildFile; fileRef = E8F93B412C21ED05006AA3F6 /* WalletView.swift */; };
/* End PBXBuildFile section */

/* Begin PBXFileReference section */
		8C95CF282D1732E400BF9103 /* Info.plist */ = {isa = PBXFileReference; lastKnownFileType = text.plist; path = Info.plist; sourceTree = "<group>"; };
		8C95CF292D1735A900BF9103 /* EnvDebug.xcconfig */ = {isa = PBXFileReference; lastKnownFileType = text.xcconfig; path = EnvDebug.xcconfig; sourceTree = "<group>"; };
		E86A473E2D0CA0A400546CC2 /* EmailAuthView.swift */ = {isa = PBXFileReference; lastKnownFileType = sourcecode.swift; path = EmailAuthView.swift; sourceTree = "<group>"; };
		E86A47402D0CA62F00546CC2 /* AppRootManager.swift */ = {isa = PBXFileReference; lastKnownFileType = sourcecode.swift; path = AppRootManager.swift; sourceTree = "<group>"; };
		E86A475A2D1F13CB00546CC2 /* PhoneAuthView.swift */ = {isa = PBXFileReference; lastKnownFileType = sourcecode.swift; path = PhoneAuthView.swift; sourceTree = "<group>"; };
		E86A475C2D1F162F00546CC2 /* CountryNumbers.json */ = {isa = PBXFileReference; lastKnownFileType = text.json; path = CountryNumbers.json; sourceTree = "<group>"; };
		E8F93B282C21EBED006AA3F6 /* example.app */ = {isa = PBXFileReference; explicitFileType = wrapper.application; includeInIndex = 0; path = example.app; sourceTree = BUILT_PRODUCTS_DIR; };
		E8F93B2B2C21EBED006AA3F6 /* exampleApp.swift */ = {isa = PBXFileReference; lastKnownFileType = sourcecode.swift; path = exampleApp.swift; sourceTree = "<group>"; };
		E8F93B2F2C21EBEE006AA3F6 /* Assets.xcassets */ = {isa = PBXFileReference; lastKnownFileType = folder.assetcatalog; path = Assets.xcassets; sourceTree = "<group>"; };
		E8F93B322C21EBEE006AA3F6 /* Preview Assets.xcassets */ = {isa = PBXFileReference; lastKnownFileType = folder.assetcatalog; path = "Preview Assets.xcassets"; sourceTree = "<group>"; };
		E8F93B392C21EC5E006AA3F6 /* CapsuleSwift */ = {isa = PBXFileReference; lastKnownFileType = wrapper; name = CapsuleSwift; path = ..; sourceTree = "<group>"; };
		E8F93B3D2C21ECFB006AA3F6 /* UserAuthView.swift */ = {isa = PBXFileReference; fileEncoding = 4; lastKnownFileType = sourcecode.swift; path = UserAuthView.swift; sourceTree = "<group>"; };
		E8F93B3F2C21ED00006AA3F6 /* VerifyEmailView.swift */ = {isa = PBXFileReference; fileEncoding = 4; lastKnownFileType = sourcecode.swift; path = VerifyEmailView.swift; sourceTree = "<group>"; };
		E8F93B412C21ED05006AA3F6 /* WalletView.swift */ = {isa = PBXFileReference; fileEncoding = 4; lastKnownFileType = sourcecode.swift; path = WalletView.swift; sourceTree = "<group>"; };
		E8F93B432C21ED67006AA3F6 /* example.entitlements */ = {isa = PBXFileReference; lastKnownFileType = text.plist.entitlements; path = example.entitlements; sourceTree = "<group>"; };
/* End PBXFileReference section */

/* Begin PBXFrameworksBuildPhase section */
		E8F93B252C21EBED006AA3F6 /* Frameworks */ = {
			isa = PBXFrameworksBuildPhase;
			buildActionMask = 2147483647;
			files = (
				E8F93B3C2C21EC8C006AA3F6 /* CapsuleSwift in Frameworks */,
			);
			runOnlyForDeploymentPostprocessing = 0;
		};
/* End PBXFrameworksBuildPhase section */

/* Begin PBXGroup section */
		E8F93B1F2C21EBED006AA3F6 = {
			isa = PBXGroup;
			children = (
				E8F93B392C21EC5E006AA3F6 /* CapsuleSwift */,
				E8F93B2A2C21EBED006AA3F6 /* example */,
				E8F93B292C21EBED006AA3F6 /* Products */,
				E8F93B3A2C21EC8C006AA3F6 /* Frameworks */,
				8C95CF292D1735A900BF9103 /* EnvDebug.xcconfig */,
			);
			sourceTree = "<group>";
		};
		E8F93B292C21EBED006AA3F6 /* Products */ = {
			isa = PBXGroup;
			children = (
				E8F93B282C21EBED006AA3F6 /* example.app */,
			);
			name = Products;
			sourceTree = "<group>";
		};
		E8F93B2A2C21EBED006AA3F6 /* example */ = {
			isa = PBXGroup;
			children = (
				8C95CF282D1732E400BF9103 /* Info.plist */,
				E86A47402D0CA62F00546CC2 /* AppRootManager.swift */,
				E8F93B432C21ED67006AA3F6 /* example.entitlements */,
				E8F93B2B2C21EBED006AA3F6 /* exampleApp.swift */,
				E8F93B3D2C21ECFB006AA3F6 /* UserAuthView.swift */,
				E86A473E2D0CA0A400546CC2 /* EmailAuthView.swift */,
				E86A475A2D1F13CB00546CC2 /* PhoneAuthView.swift */,
				E8F93B3F2C21ED00006AA3F6 /* VerifyEmailView.swift */,
				E8F93B412C21ED05006AA3F6 /* WalletView.swift */,
				E8F93B2F2C21EBEE006AA3F6 /* Assets.xcassets */,
				E8F93B312C21EBEE006AA3F6 /* Preview Content */,
				E86A475C2D1F162F00546CC2 /* CountryNumbers.json */,
			);
			path = example;
			sourceTree = "<group>";
		};
		E8F93B312C21EBEE006AA3F6 /* Preview Content */ = {
			isa = PBXGroup;
			children = (
				E8F93B322C21EBEE006AA3F6 /* Preview Assets.xcassets */,
			);
			path = "Preview Content";
			sourceTree = "<group>";
		};
		E8F93B3A2C21EC8C006AA3F6 /* Frameworks */ = {
			isa = PBXGroup;
			children = (
			);
			name = Frameworks;
			sourceTree = "<group>";
		};
/* End PBXGroup section */

/* Begin PBXNativeTarget section */
		E8F93B272C21EBED006AA3F6 /* example */ = {
			isa = PBXNativeTarget;
			buildConfigurationList = E8F93B362C21EBEE006AA3F6 /* Build configuration list for PBXNativeTarget "example" */;
			buildPhases = (
				E8F93B242C21EBED006AA3F6 /* Sources */,
				E8F93B252C21EBED006AA3F6 /* Frameworks */,
				E8F93B262C21EBED006AA3F6 /* Resources */,
			);
			buildRules = (
			);
			dependencies = (
			);
			name = example;
			packageProductDependencies = (
				E8F93B3B2C21EC8C006AA3F6 /* CapsuleSwift */,
			);
			productName = example;
			productReference = E8F93B282C21EBED006AA3F6 /* example.app */;
			productType = "com.apple.product-type.application";
		};
/* End PBXNativeTarget section */

/* Begin PBXProject section */
		E8F93B202C21EBED006AA3F6 /* Project object */ = {
			isa = PBXProject;
			attributes = {
				BuildIndependentTargetsInParallel = 1;
				LastSwiftUpdateCheck = 1540;
				LastUpgradeCheck = 1540;
				TargetAttributes = {
					E8F93B272C21EBED006AA3F6 = {
						CreatedOnToolsVersion = 15.4;
					};
				};
			};
			buildConfigurationList = E8F93B232C21EBED006AA3F6 /* Build configuration list for PBXProject "example" */;
			compatibilityVersion = "Xcode 14.0";
			developmentRegion = en;
			hasScannedForEncodings = 0;
			knownRegions = (
				en,
				Base,
			);
			mainGroup = E8F93B1F2C21EBED006AA3F6;
			productRefGroup = E8F93B292C21EBED006AA3F6 /* Products */;
			projectDirPath = "";
			projectRoot = "";
			targets = (
				E8F93B272C21EBED006AA3F6 /* example */,
			);
		};
/* End PBXProject section */

/* Begin PBXResourcesBuildPhase section */
		E8F93B262C21EBED006AA3F6 /* Resources */ = {
			isa = PBXResourcesBuildPhase;
			buildActionMask = 2147483647;
			files = (
				E86A475D2D1F162F00546CC2 /* CountryNumbers.json in Resources */,
				E8F93B332C21EBEE006AA3F6 /* Preview Assets.xcassets in Resources */,
				E8F93B302C21EBEE006AA3F6 /* Assets.xcassets in Resources */,
			);
			runOnlyForDeploymentPostprocessing = 0;
		};
/* End PBXResourcesBuildPhase section */

/* Begin PBXSourcesBuildPhase section */
		E8F93B242C21EBED006AA3F6 /* Sources */ = {
			isa = PBXSourcesBuildPhase;
			buildActionMask = 2147483647;
			files = (
				E86A473F2D0CA0A400546CC2 /* EmailAuthView.swift in Sources */,
				E8F93B402C21ED00006AA3F6 /* VerifyEmailView.swift in Sources */,
				E8F93B422C21ED05006AA3F6 /* WalletView.swift in Sources */,
				E8F93B2C2C21EBED006AA3F6 /* exampleApp.swift in Sources */,
				E8F93B3E2C21ECFB006AA3F6 /* UserAuthView.swift in Sources */,
				E86A475B2D1F13CB00546CC2 /* PhoneAuthView.swift in Sources */,
				E86A47412D0CA63700546CC2 /* AppRootManager.swift in Sources */,
			);
			runOnlyForDeploymentPostprocessing = 0;
		};
/* End PBXSourcesBuildPhase section */

/* Begin XCBuildConfiguration section */
		E8F93B342C21EBEE006AA3F6 /* Debug */ = {
			isa = XCBuildConfiguration;
			baseConfigurationReference = 8C95CF292D1735A900BF9103 /* EnvDebug.xcconfig */;
			buildSettings = {
				ALWAYS_SEARCH_USER_PATHS = NO;
				ASSETCATALOG_COMPILER_GENERATE_SWIFT_ASSET_SYMBOL_EXTENSIONS = YES;
				CLANG_ANALYZER_NONNULL = YES;
				CLANG_ANALYZER_NUMBER_OBJECT_CONVERSION = YES_AGGRESSIVE;
				CLANG_CXX_LANGUAGE_STANDARD = "gnu++20";
				CLANG_ENABLE_MODULES = YES;
				CLANG_ENABLE_OBJC_ARC = YES;
				CLANG_ENABLE_OBJC_WEAK = YES;
				CLANG_WARN_BLOCK_CAPTURE_AUTORELEASING = YES;
				CLANG_WARN_BOOL_CONVERSION = YES;
				CLANG_WARN_COMMA = YES;
				CLANG_WARN_CONSTANT_CONVERSION = YES;
				CLANG_WARN_DEPRECATED_OBJC_IMPLEMENTATIONS = YES;
				CLANG_WARN_DIRECT_OBJC_ISA_USAGE = YES_ERROR;
				CLANG_WARN_DOCUMENTATION_COMMENTS = YES;
				CLANG_WARN_EMPTY_BODY = YES;
				CLANG_WARN_ENUM_CONVERSION = YES;
				CLANG_WARN_INFINITE_RECURSION = YES;
				CLANG_WARN_INT_CONVERSION = YES;
				CLANG_WARN_NON_LITERAL_NULL_CONVERSION = YES;
				CLANG_WARN_OBJC_IMPLICIT_RETAIN_SELF = YES;
				CLANG_WARN_OBJC_LITERAL_CONVERSION = YES;
				CLANG_WARN_OBJC_ROOT_CLASS = YES_ERROR;
				CLANG_WARN_QUOTED_INCLUDE_IN_FRAMEWORK_HEADER = YES;
				CLANG_WARN_RANGE_LOOP_ANALYSIS = YES;
				CLANG_WARN_STRICT_PROTOTYPES = YES;
				CLANG_WARN_SUSPICIOUS_MOVE = YES;
				CLANG_WARN_UNGUARDED_AVAILABILITY = YES_AGGRESSIVE;
				CLANG_WARN_UNREACHABLE_CODE = YES;
				CLANG_WARN__DUPLICATE_METHOD_MATCH = YES;
				COPY_PHASE_STRIP = NO;
				DEBUG_INFORMATION_FORMAT = dwarf;
				ENABLE_STRICT_OBJC_MSGSEND = YES;
				ENABLE_TESTABILITY = YES;
				ENABLE_USER_SCRIPT_SANDBOXING = YES;
				GCC_C_LANGUAGE_STANDARD = gnu17;
				GCC_DYNAMIC_NO_PIC = NO;
				GCC_NO_COMMON_BLOCKS = YES;
				GCC_OPTIMIZATION_LEVEL = 0;
				GCC_PREPROCESSOR_DEFINITIONS = (
					"DEBUG=1",
					"$(inherited)",
				);
				GCC_WARN_64_TO_32_BIT_CONVERSION = YES;
				GCC_WARN_ABOUT_RETURN_TYPE = YES_ERROR;
				GCC_WARN_UNDECLARED_SELECTOR = YES;
				GCC_WARN_UNINITIALIZED_AUTOS = YES_AGGRESSIVE;
				GCC_WARN_UNUSED_FUNCTION = YES;
				GCC_WARN_UNUSED_VARIABLE = YES;
				INFOPLIST_KEY_WKExtensionDelegateClassName = "";
				IPHONEOS_DEPLOYMENT_TARGET = 17.5;
				LOCALIZATION_PREFERS_STRING_CATALOGS = YES;
				MTL_ENABLE_DEBUG_INFO = INCLUDE_SOURCE;
				MTL_FAST_MATH = YES;
				ONLY_ACTIVE_ARCH = YES;
				SDKROOT = iphoneos;
				SWIFT_ACTIVE_COMPILATION_CONDITIONS = "DEBUG $(inherited)";
				SWIFT_OPTIMIZATION_LEVEL = "-Onone";
			};
			name = Debug;
		};
		E8F93B352C21EBEE006AA3F6 /* Release */ = {
			isa = XCBuildConfiguration;
			buildSettings = {
				ALWAYS_SEARCH_USER_PATHS = NO;
				ASSETCATALOG_COMPILER_GENERATE_SWIFT_ASSET_SYMBOL_EXTENSIONS = YES;
				CLANG_ANALYZER_NONNULL = YES;
				CLANG_ANALYZER_NUMBER_OBJECT_CONVERSION = YES_AGGRESSIVE;
				CLANG_CXX_LANGUAGE_STANDARD = "gnu++20";
				CLANG_ENABLE_MODULES = YES;
				CLANG_ENABLE_OBJC_ARC = YES;
				CLANG_ENABLE_OBJC_WEAK = YES;
				CLANG_WARN_BLOCK_CAPTURE_AUTORELEASING = YES;
				CLANG_WARN_BOOL_CONVERSION = YES;
				CLANG_WARN_COMMA = YES;
				CLANG_WARN_CONSTANT_CONVERSION = YES;
				CLANG_WARN_DEPRECATED_OBJC_IMPLEMENTATIONS = YES;
				CLANG_WARN_DIRECT_OBJC_ISA_USAGE = YES_ERROR;
				CLANG_WARN_DOCUMENTATION_COMMENTS = YES;
				CLANG_WARN_EMPTY_BODY = YES;
				CLANG_WARN_ENUM_CONVERSION = YES;
				CLANG_WARN_INFINITE_RECURSION = YES;
				CLANG_WARN_INT_CONVERSION = YES;
				CLANG_WARN_NON_LITERAL_NULL_CONVERSION = YES;
				CLANG_WARN_OBJC_IMPLICIT_RETAIN_SELF = YES;
				CLANG_WARN_OBJC_LITERAL_CONVERSION = YES;
				CLANG_WARN_OBJC_ROOT_CLASS = YES_ERROR;
				CLANG_WARN_QUOTED_INCLUDE_IN_FRAMEWORK_HEADER = YES;
				CLANG_WARN_RANGE_LOOP_ANALYSIS = YES;
				CLANG_WARN_STRICT_PROTOTYPES = YES;
				CLANG_WARN_SUSPICIOUS_MOVE = YES;
				CLANG_WARN_UNGUARDED_AVAILABILITY = YES_AGGRESSIVE;
				CLANG_WARN_UNREACHABLE_CODE = YES;
				CLANG_WARN__DUPLICATE_METHOD_MATCH = YES;
				COPY_PHASE_STRIP = NO;
				DEBUG_INFORMATION_FORMAT = "dwarf-with-dsym";
				ENABLE_NS_ASSERTIONS = NO;
				ENABLE_STRICT_OBJC_MSGSEND = YES;
				ENABLE_USER_SCRIPT_SANDBOXING = YES;
				GCC_C_LANGUAGE_STANDARD = gnu17;
				GCC_NO_COMMON_BLOCKS = YES;
				GCC_WARN_64_TO_32_BIT_CONVERSION = YES;
				GCC_WARN_ABOUT_RETURN_TYPE = YES_ERROR;
				GCC_WARN_UNDECLARED_SELECTOR = YES;
				GCC_WARN_UNINITIALIZED_AUTOS = YES_AGGRESSIVE;
				GCC_WARN_UNUSED_FUNCTION = YES;
				GCC_WARN_UNUSED_VARIABLE = YES;
				INFOPLIST_KEY_WKExtensionDelegateClassName = "";
				IPHONEOS_DEPLOYMENT_TARGET = 17.5;
				LOCALIZATION_PREFERS_STRING_CATALOGS = YES;
				MTL_ENABLE_DEBUG_INFO = NO;
				MTL_FAST_MATH = YES;
				SDKROOT = iphoneos;
				SWIFT_COMPILATION_MODE = wholemodule;
				VALIDATE_PRODUCT = YES;
			};
			name = Release;
		};
		E8F93B372C21EBEE006AA3F6 /* Debug */ = {
			isa = XCBuildConfiguration;
			buildSettings = {
				ASSETCATALOG_COMPILER_APPICON_NAME = AppIcon;
				ASSETCATALOG_COMPILER_GLOBAL_ACCENT_COLOR_NAME = AccentColor;
				CODE_SIGN_ENTITLEMENTS = example/example.entitlements;
				CODE_SIGN_STYLE = Automatic;
				CURRENT_PROJECT_VERSION = 1;
				DEVELOPMENT_ASSET_PATHS = "\"example/Preview Content\"";
				DEVELOPMENT_TEAM = FF9U73RS48;
				ENABLE_PREVIEWS = YES;
				GENERATE_INFOPLIST_FILE = YES;
				INFOPLIST_FILE = example/Info.plist;
				INFOPLIST_KEY_UIApplicationSceneManifest_Generation = YES;
				INFOPLIST_KEY_UIApplicationSupportsIndirectInputEvents = YES;
				INFOPLIST_KEY_UILaunchScreen_Generation = YES;
				INFOPLIST_KEY_UISupportedInterfaceOrientations = UIInterfaceOrientationPortrait;
				INFOPLIST_KEY_UISupportedInterfaceOrientations_iPad = "UIInterfaceOrientationLandscapeLeft UIInterfaceOrientationLandscapeRight UIInterfaceOrientationPortrait UIInterfaceOrientationPortraitUpsideDown";
				INFOPLIST_KEY_WKExtensionDelegateClassName = "";
				IPHONEOS_DEPLOYMENT_TARGET = 16.4;
				LD_RUNPATH_SEARCH_PATHS = (
					"$(inherited)",
					"@executable_path/Frameworks",
				);
				MARKETING_VERSION = 1.0;
				PRODUCT_BUNDLE_IDENTIFIER = "com.capsule.swift-example";
				PRODUCT_NAME = "$(TARGET_NAME)";
				SUPPORTED_PLATFORMS = "iphoneos iphonesimulator";
				SUPPORTS_MACCATALYST = NO;
				SUPPORTS_MAC_DESIGNED_FOR_IPHONE_IPAD = NO;
				SUPPORTS_XR_DESIGNED_FOR_IPHONE_IPAD = NO;
				SWIFT_EMIT_LOC_STRINGS = YES;
				SWIFT_VERSION = 5.0;
				TARGETED_DEVICE_FAMILY = 1;
			};
			name = Debug;
		};
		E8F93B382C21EBEE006AA3F6 /* Release */ = {
			isa = XCBuildConfiguration;
			buildSettings = {
				ASSETCATALOG_COMPILER_APPICON_NAME = AppIcon;
				ASSETCATALOG_COMPILER_GLOBAL_ACCENT_COLOR_NAME = AccentColor;
				CODE_SIGN_ENTITLEMENTS = example/example.entitlements;
				CODE_SIGN_STYLE = Automatic;
				CURRENT_PROJECT_VERSION = 1;
				DEVELOPMENT_ASSET_PATHS = "\"example/Preview Content\"";
				DEVELOPMENT_TEAM = FF9U73RS48;
				ENABLE_PREVIEWS = YES;
				GENERATE_INFOPLIST_FILE = YES;
				INFOPLIST_FILE = example/Info.plist;
				INFOPLIST_KEY_UIApplicationSceneManifest_Generation = YES;
				INFOPLIST_KEY_UIApplicationSupportsIndirectInputEvents = YES;
				INFOPLIST_KEY_UILaunchScreen_Generation = YES;
				INFOPLIST_KEY_UISupportedInterfaceOrientations = UIInterfaceOrientationPortrait;
				INFOPLIST_KEY_UISupportedInterfaceOrientations_iPad = "UIInterfaceOrientationLandscapeLeft UIInterfaceOrientationLandscapeRight UIInterfaceOrientationPortrait UIInterfaceOrientationPortraitUpsideDown";
				INFOPLIST_KEY_WKExtensionDelegateClassName = "";
				IPHONEOS_DEPLOYMENT_TARGET = 16.4;
				LD_RUNPATH_SEARCH_PATHS = (
					"$(inherited)",
					"@executable_path/Frameworks",
				);
				MARKETING_VERSION = 1.0;
				PRODUCT_BUNDLE_IDENTIFIER = "com.capsule.swift-example";
				PRODUCT_NAME = "$(TARGET_NAME)";
				SUPPORTED_PLATFORMS = "iphoneos iphonesimulator";
				SUPPORTS_MACCATALYST = NO;
				SUPPORTS_MAC_DESIGNED_FOR_IPHONE_IPAD = NO;
				SUPPORTS_XR_DESIGNED_FOR_IPHONE_IPAD = NO;
				SWIFT_EMIT_LOC_STRINGS = YES;
				SWIFT_VERSION = 5.0;
				TARGETED_DEVICE_FAMILY = 1;
			};
			name = Release;
		};
/* End XCBuildConfiguration section */

/* Begin XCConfigurationList section */
		E8F93B232C21EBED006AA3F6 /* Build configuration list for PBXProject "example" */ = {
			isa = XCConfigurationList;
			buildConfigurations = (
				E8F93B342C21EBEE006AA3F6 /* Debug */,
				E8F93B352C21EBEE006AA3F6 /* Release */,
			);
			defaultConfigurationIsVisible = 0;
			defaultConfigurationName = Debug;
		};
		E8F93B362C21EBEE006AA3F6 /* Build configuration list for PBXNativeTarget "example" */ = {
			isa = XCConfigurationList;
			buildConfigurations = (
				E8F93B372C21EBEE006AA3F6 /* Debug */,
				E8F93B382C21EBEE006AA3F6 /* Release */,
			);
			defaultConfigurationIsVisible = 0;
			defaultConfigurationName = Debug;
		};
/* End XCConfigurationList section */

/* Begin XCSwiftPackageProductDependency section */
		E8F93B3B2C21EC8C006AA3F6 /* CapsuleSwift */ = {
			isa = XCSwiftPackageProductDependency;
			productName = CapsuleSwift;
		};
/* End XCSwiftPackageProductDependency section */
	};
	rootObject = E8F93B202C21EBED006AA3F6 /* Project object */;
}
